
Microsoft Visual Studio Solution File, Format Version 12.00
# Visual Studio 2017
Project("{FAE04EC0-301F-11D3-BF4B-00C04F79EFBC}") = "Chapter5_2", "Chapter5_2.csproj", "{1C8CD084-6230-BF7C-A3E1-ABFCB0500DEF}"
EndProject
Global
	GlobalSection(SolutionConfigurationPlatforms) = preSolution
		Debug|Any CPU = Debug|Any CPU
		Release|Any CPU = Release|Any CPU
	EndGlobalSection
	GlobalSection(ProjectConfigurationPlatforms) = postSolution
		{1C8CD084-6230-BF7C-A3E1-ABFCB0500DEF}.Debug|Any CPU.ActiveCfg = Debug|Any CPU
		{1C8CD084-6230-BF7C-A3E1-ABFCB0500DEF}.Debug|Any CPU.Build.0 = Debug|Any CPU
		{1C8CD084-6230-BF7C-A3E1-ABFCB0500DEF}.Release|Any CPU.ActiveCfg = Release|Any CPU
		{1C8CD084-6230-BF7C-A3E1-ABFCB0500DEF}.Release|Any CPU.Build.0 = Release|Any CPU
	EndGlobalSection
	GlobalSection(SolutionProperties) = preSolution
		HideSolutionNode = FALSE
	EndGlobalSection
EndGlobal
